
Microsoft Visual Studio Solution File, Format Version 12.00
# Visual Studio 15
VisualStudioVersion = 15.0.27130.2026
MinimumVisualStudioVersion = 10.0.40219.1
Project("{FAE04EC0-301F-11D3-BF4B-00C04F79EFBC}") = "LmycWebSite", "LmycWebSite\LmycWebSite.csproj", "{1EF1FF6E-A400-4266-8D59-0F7D8E87F135}"
EndProject
Project("{FAE04EC0-301F-11D3-BF4B-00C04F79EFBC}") = "LmycDataLib", "LmycDataLib\LmycDataLib.csproj", "{5D8FDEC3-574E-4D75-908D-89D7845C4BF2}"
EndProject
Global
	GlobalSection(SolutionConfigurationPlatforms) = preSolution
		Debug|Any CPU = Debug|Any CPU
		Release|Any CPU = Release|Any CPU
	EndGlobalSection
	GlobalSection(ProjectConfigurationPlatforms) = postSolution
		{1EF1FF6E-A400-4266-8D59-0F7D8E87F135}.Debug|Any CPU.ActiveCfg = Debug|Any CPU
		{1EF1FF6E-A400-4266-8D59-0F7D8E87F135}.Debug|Any CPU.Build.0 = Debug|Any CPU
		{1EF1FF6E-A400-4266-8D59-0F7D8E87F135}.Release|Any CPU.ActiveCfg = Release|Any CPU
		{1EF1FF6E-A400-4266-8D59-0F7D8E87F135}.Release|Any CPU.Build.0 = Release|Any CPU
		{5D8FDEC3-574E-4D75-908D-89D7845C4BF2}.Debug|Any CPU.ActiveCfg = Debug|Any CPU
		{5D8FDEC3-574E-4D75-908D-89D7845C4BF2}.Debug|Any CPU.Build.0 = Debug|Any CPU
		{5D8FDEC3-574E-4D75-908D-89D7845C4BF2}.Release|Any CPU.ActiveCfg = Release|Any CPU
		{5D8FDEC3-574E-4D75-908D-89D7845C4BF2}.Release|Any CPU.Build.0 = Release|Any CPU
	EndGlobalSection
	GlobalSection(SolutionProperties) = preSolution
		HideSolutionNode = FALSE
	EndGlobalSection
	GlobalSection(ExtensibilityGlobals) = postSolution
		SolutionGuid = {B2193943-B670-40C9-8F02-A1055F657BFC}
	EndGlobalSection
EndGlobal
